
Microsoft Visual Studio Solution File, Format Version 12.00
# Visual Studio Version 17
VisualStudioVersion = 17.12.35527.113
MinimumVisualStudioVersion = 10.0.40219.1
Project("{FAE04EC0-301F-11D3-BF4B-00C04F79EFBC}") = "OrderApi", "Api\OrderApi\OrderApi.csproj", "{F6BAB2C1-B49D-4D1F-9E62-EBBCCDCD8794}"
EndProject
Project("{2150E333-8FDC-42A3-9474-1A3956D46DE8}") = "Api", "Api", "{25394026-6A2C-4F14-8901-CBEE715CB808}"
EndProject
Project("{FAE04EC0-301F-11D3-BF4B-00C04F79EFBC}") = "OrderApi.Domain", "Api\OrderApi.Domain\OrderApi.Domain.csproj", "{92C49358-AA00-4881-882F-407CAD55F4A1}"
EndProject
Project("{FAE04EC0-301F-11D3-BF4B-00C04F79EFBC}") = "OrderApi.Service", "Api\OrderApi.Service\OrderApi.Service.csproj", "{DC01E140-68D1-4923-A04C-CEB4EAD0F47D}"
EndProject
Project("{FAE04EC0-301F-11D3-BF4B-00C04F79EFBC}") = "OrderApi.Data", "Api\OrderApi.Data\OrderApi.Data.csproj", "{0E50555F-C2C1-4074-A469-B2C76A75724B}"
EndProject
Project("{FAE04EC0-301F-11D3-BF4B-00C04F79EFBC}") = "OrderApi.Messaging.Receive", "Api\OrderApi.Messaging.Receive\OrderApi.Messaging.Receive.csproj", "{A8672145-D01C-478B-A205-29DF7C463E8E}"
EndProject
Project("{FAE04EC0-301F-11D3-BF4B-00C04F79EFBC}") = "OrderApi.Data.Test", "Tests\OrderApi.Data.Test\OrderApi.Data.Test.csproj", "{365D6D31-9094-4F17-AD2A-8BEA82BFC30F}"
EndProject
Project("{FAE04EC0-301F-11D3-BF4B-00C04F79EFBC}") = "OrderApi.Service.Test", "Tests\OrderApi.Service.Test\OrderApi.Service.Test.csproj", "{58E231B0-4C29-4FCA-86D0-5C5CD230632F}"
EndProject
Project("{FAE04EC0-301F-11D3-BF4B-00C04F79EFBC}") = "OrderApi.Test", "Tests\OrderApi.Test\OrderApi.Test.csproj", "{AB18148A-C843-46B8-A7A9-C552448B1FBA}"
EndProject
Project("{2150E333-8FDC-42A3-9474-1A3956D46DE8}") = "Tests", "Tests", "{D3D7D509-DE42-4EFD-B114-426CB6E292FE}"
EndProject
Global
	GlobalSection(SolutionConfigurationPlatforms) = preSolution
		Debug|Any CPU = Debug|Any CPU
		Release|Any CPU = Release|Any CPU
	EndGlobalSection
	GlobalSection(ProjectConfigurationPlatforms) = postSolution
		{F6BAB2C1-B49D-4D1F-9E62-EBBCCDCD8794}.Debug|Any CPU.ActiveCfg = Debug|Any CPU
		{F6BAB2C1-B49D-4D1F-9E62-EBBCCDCD8794}.Debug|Any CPU.Build.0 = Debug|Any CPU
		{F6BAB2C1-B49D-4D1F-9E62-EBBCCDCD8794}.Release|Any CPU.ActiveCfg = Release|Any CPU
		{F6BAB2C1-B49D-4D1F-9E62-EBBCCDCD8794}.Release|Any CPU.Build.0 = Release|Any CPU
		{92C49358-AA00-4881-882F-407CAD55F4A1}.Debug|Any CPU.ActiveCfg = Debug|Any CPU
		{92C49358-AA00-4881-882F-407CAD55F4A1}.Debug|Any CPU.Build.0 = Debug|Any CPU
		{92C49358-AA00-4881-882F-407CAD55F4A1}.Release|Any CPU.ActiveCfg = Release|Any CPU
		{92C49358-AA00-4881-882F-407CAD55F4A1}.Release|Any CPU.Build.0 = Release|Any CPU
		{DC01E140-68D1-4923-A04C-CEB4EAD0F47D}.Debug|Any CPU.ActiveCfg = Debug|Any CPU
		{DC01E140-68D1-4923-A04C-CEB4EAD0F47D}.Debug|Any CPU.Build.0 = Debug|Any CPU
		{DC01E140-68D1-4923-A04C-CEB4EAD0F47D}.Release|Any CPU.ActiveCfg = Release|Any CPU
		{DC01E140-68D1-4923-A04C-CEB4EAD0F47D}.Release|Any CPU.Build.0 = Release|Any CPU
		{0E50555F-C2C1-4074-A469-B2C76A75724B}.Debug|Any CPU.ActiveCfg = Debug|Any CPU
		{0E50555F-C2C1-4074-A469-B2C76A75724B}.Debug|Any CPU.Build.0 = Debug|Any CPU
		{0E50555F-C2C1-4074-A469-B2C76A75724B}.Release|Any CPU.ActiveCfg = Release|Any CPU
		{0E50555F-C2C1-4074-A469-B2C76A75724B}.Release|Any CPU.Build.0 = Release|Any CPU
		{A8672145-D01C-478B-A205-29DF7C463E8E}.Debug|Any CPU.ActiveCfg = Debug|Any CPU
		{A8672145-D01C-478B-A205-29DF7C463E8E}.Debug|Any CPU.Build.0 = Debug|Any CPU
		{A8672145-D01C-478B-A205-29DF7C463E8E}.Release|Any CPU.ActiveCfg = Release|Any CPU
		{A8672145-D01C-478B-A205-29DF7C463E8E}.Release|Any CPU.Build.0 = Release|Any CPU
		{365D6D31-9094-4F17-AD2A-8BEA82BFC30F}.Debug|Any CPU.ActiveCfg = Debug|Any CPU
		{365D6D31-9094-4F17-AD2A-8BEA82BFC30F}.Debug|Any CPU.Build.0 = Debug|Any CPU
		{365D6D31-9094-4F17-AD2A-8BEA82BFC30F}.Release|Any CPU.ActiveCfg = Release|Any CPU
		{365D6D31-9094-4F17-AD2A-8BEA82BFC30F}.Release|Any CPU.Build.0 = Release|Any CPU
		{58E231B0-4C29-4FCA-86D0-5C5CD230632F}.Debug|Any CPU.ActiveCfg = Debug|Any CPU
		{58E231B0-4C29-4FCA-86D0-5C5CD230632F}.Debug|Any CPU.Build.0 = Debug|Any CPU
		{58E231B0-4C29-4FCA-86D0-5C5CD230632F}.Release|Any CPU.ActiveCfg = Release|Any CPU
		{58E231B0-4C29-4FCA-86D0-5C5CD230632F}.Release|Any CPU.Build.0 = Release|Any CPU
		{AB18148A-C843-46B8-A7A9-C552448B1FBA}.Debug|Any CPU.ActiveCfg = Debug|Any CPU
		{AB18148A-C843-46B8-A7A9-C552448B1FBA}.Debug|Any CPU.Build.0 = Debug|Any CPU
		{AB18148A-C843-46B8-A7A9-C552448B1FBA}.Release|Any CPU.ActiveCfg = Release|Any CPU
		{AB18148A-C843-46B8-A7A9-C552448B1FBA}.Release|Any CPU.Build.0 = Release|Any CPU
	EndGlobalSection
	GlobalSection(SolutionProperties) = preSolution
		HideSolutionNode = FALSE
	EndGlobalSection
	GlobalSection(NestedProjects) = preSolution
		{F6BAB2C1-B49D-4D1F-9E62-EBBCCDCD8794} = {25394026-6A2C-4F14-8901-CBEE715CB808}
		{92C49358-AA00-4881-882F-407CAD55F4A1} = {25394026-6A2C-4F14-8901-CBEE715CB808}
		{DC01E140-68D1-4923-A04C-CEB4EAD0F47D} = {25394026-6A2C-4F14-8901-CBEE715CB808}
		{0E50555F-C2C1-4074-A469-B2C76A75724B} = {25394026-6A2C-4F14-8901-CBEE715CB808}
		{A8672145-D01C-478B-A205-29DF7C463E8E} = {25394026-6A2C-4F14-8901-CBEE715CB808}
		{365D6D31-9094-4F17-AD2A-8BEA82BFC30F} = {D3D7D509-DE42-4EFD-B114-426CB6E292FE}
		{58E231B0-4C29-4FCA-86D0-5C5CD230632F} = {D3D7D509-DE42-4EFD-B114-426CB6E292FE}
		{AB18148A-C843-46B8-A7A9-C552448B1FBA} = {D3D7D509-DE42-4EFD-B114-426CB6E292FE}
	EndGlobalSection
EndGlobal
